// !$*UTF8*$!
{
	archiveVersion = 1;
	classes = {
	};
	objectVersion = 52;
	objects = {

/* Begin PBXBuildFile section */
		64325604259A229600E914A0 /* InteractorsContainer.swift in Sources */ = {isa = PBXBuildFile; fileRef = 64325603259A229600E914A0 /* InteractorsContainer.swift */; };
		64325607259A22C700E914A0 /* PostsInteractor.swift in Sources */ = {isa = PBXBuildFile; fileRef = 64325606259A22C700E914A0 /* PostsInteractor.swift */; };
		6432560B259A269800E914A0 /* StoriesInteractor.swift in Sources */ = {isa = PBXBuildFile; fileRef = 6432560A259A269800E914A0 /* StoriesInteractor.swift */; };
		64325610259A303600E914A0 /* LocalPostsInteractor.swift in Sources */ = {isa = PBXBuildFile; fileRef = 6432560F259A303600E914A0 /* LocalPostsInteractor.swift */; };
		64325617259A322600E914A0 /* LocalStoriesInteractor.swift in Sources */ = {isa = PBXBuildFile; fileRef = 64325616259A322600E914A0 /* LocalStoriesInteractor.swift */; };
		6432561F259A3CA300E914A0 /* CommentListView.swift in Sources */ = {isa = PBXBuildFile; fileRef = 6432561E259A3CA300E914A0 /* CommentListView.swift */; };
		6434A66725894B7B0061D4FA /* String+Formatter.swift in Sources */ = {isa = PBXBuildFile; fileRef = 6434A66625894B7B0061D4FA /* String+Formatter.swift */; };
		6434A66A25894B980061D4FA /* Date+Formatter.swift in Sources */ = {isa = PBXBuildFile; fileRef = 6434A66925894B980061D4FA /* Date+Formatter.swift */; };
		647A363E259BA7E000F3B123 /* LoginView.swift in Sources */ = {isa = PBXBuildFile; fileRef = 647A363D259BA7E000F3B123 /* LoginView.swift */; };
		647A3641259BA88B00F3B123 /* CustomTextField.swift in Sources */ = {isa = PBXBuildFile; fileRef = 647A3640259BA88B00F3B123 /* CustomTextField.swift */; };
		647A3644259BAC9A00F3B123 /* CustomButton.swift in Sources */ = {isa = PBXBuildFile; fileRef = 647A3643259BAC9A00F3B123 /* CustomButton.swift */; };
		647FCF942588CAF000C9492A /* FillableShapeButton.swift in Sources */ = {isa = PBXBuildFile; fileRef = 647FCF932588CAF000C9492A /* FillableShapeButton.swift */; };
		647FCF982588D03F00C9492A /* KingfisherSwiftUI in Frameworks */ = {isa = PBXBuildFile; productRef = 647FCF972588D03F00C9492A /* KingfisherSwiftUI */; };
		647FCF9B2588D42800C9492A /* FeedHeader.swift in Sources */ = {isa = PBXBuildFile; fileRef = 647FCF9A2588D42800C9492A /* FeedHeader.swift */; };
		647FCF9F2589032400C9492A /* Numeric+Formatter.swift in Sources */ = {isa = PBXBuildFile; fileRef = 647FCF9E2589032400C9492A /* Numeric+Formatter.swift */; };
		647FCFA7258924D500C9492A /* Comment.swift in Sources */ = {isa = PBXBuildFile; fileRef = 647FCFA6258924D500C9492A /* Comment.swift */; };
		64893EF0258A1D6800CC9BFD /* StoryView.swift in Sources */ = {isa = PBXBuildFile; fileRef = 64893EEF258A1D6800CC9BFD /* StoryView.swift */; };
		64893EF3258A754C00CC9BFD /* Story.swift in Sources */ = {isa = PBXBuildFile; fileRef = 64893EF2258A754C00CC9BFD /* Story.swift */; };
		648E717B2587E885007BC38F /* InstagramCloneApp.swift in Sources */ = {isa = PBXBuildFile; fileRef = 648E717A2587E885007BC38F /* InstagramCloneApp.swift */; };
		648E717D2587E885007BC38F /* FeedView.swift in Sources */ = {isa = PBXBuildFile; fileRef = 648E717C2587E885007BC38F /* FeedView.swift */; };
		648E717F2587E887007BC38F /* Assets.xcassets in Resources */ = {isa = PBXBuildFile; fileRef = 648E717E2587E887007BC38F /* Assets.xcassets */; };
		648E71822587E887007BC38F /* Preview Assets.xcassets in Resources */ = {isa = PBXBuildFile; fileRef = 648E71812587E887007BC38F /* Preview Assets.xcassets */; };
		648E719B2587EE81007BC38F /* AppState.swift in Sources */ = {isa = PBXBuildFile; fileRef = 648E719A2587EE81007BC38F /* AppState.swift */; };
		648E71A32587EF0A007BC38F /* Post.swift in Sources */ = {isa = PBXBuildFile; fileRef = 648E71A22587EF0A007BC38F /* Post.swift */; };
		648E71AA2587EF58007BC38F /* User.swift in Sources */ = {isa = PBXBuildFile; fileRef = 648E71A92587EF58007BC38F /* User.swift */; };
		648E71AD2587FEF5007BC38F /* MockedData.swift in Sources */ = {isa = PBXBuildFile; fileRef = 648E71AC2587FEF5007BC38F /* MockedData.swift */; };
		648E71B0258801AD007BC38F /* PostView.swift in Sources */ = {isa = PBXBuildFile; fileRef = 648E71AF258801AD007BC38F /* PostView.swift */; };
		648E71B3258815AF007BC38F /* ShapeButton.swift in Sources */ = {isa = PBXBuildFile; fileRef = 648E71B2258815AF007BC38F /* ShapeButton.swift */; };
		649E44E2258E3747002AD8C2 /* MainTabView.swift in Sources */ = {isa = PBXBuildFile; fileRef = 649E44E1258E3747002AD8C2 /* MainTabView.swift */; };
		649E44E7258E3AE0002AD8C2 /* ContentCreationView.swift in Sources */ = {isa = PBXBuildFile; fileRef = 649E44E6258E3AE0002AD8C2 /* ContentCreationView.swift */; };
		649E44EA258E3F1A002AD8C2 /* CameraViewer.swift in Sources */ = {isa = PBXBuildFile; fileRef = 649E44E9258E3F1A002AD8C2 /* CameraViewer.swift */; };
		64A02B8C258E6B9E00142611 /* ContentType.swift in Sources */ = {isa = PBXBuildFile; fileRef = 64A02B8B258E6B9E00142611 /* ContentType.swift */; };
		64A02B93258E909E00142611 /* CameraCoordinator.swift in Sources */ = {isa = PBXBuildFile; fileRef = 64A02B92258E909E00142611 /* CameraCoordinator.swift */; };
		64CD1895259CC40700EB0C8C /* BottomBanner.swift in Sources */ = {isa = PBXBuildFile; fileRef = 64CD1894259CC40700EB0C8C /* BottomBanner.swift */; };
		64CD1898259D0BA400EB0C8C /* SignupView.swift in Sources */ = {isa = PBXBuildFile; fileRef = 64CD1897259D0BA400EB0C8C /* SignupView.swift */; };
		64E1A493258B924200581CDA /* StoryContentView.swift in Sources */ = {isa = PBXBuildFile; fileRef = 64E1A492258B924200581CDA /* StoryContentView.swift */; };
		64EE3DCC259B2D1200F00D56 /* NewCommentTextField.swift in Sources */ = {isa = PBXBuildFile; fileRef = 64EE3DCB259B2D1200F00D56 /* NewCommentTextField.swift */; };
		64EE3DD3259B8D5600F00D56 /* GoogleService-Info.plist in Resources */ = {isa = PBXBuildFile; fileRef = 64EE3DD2259B8D5600F00D56 /* GoogleService-Info.plist */; };
		6E5F14E59A785878D3B1A992 /* Pods_InstagramClone.framework in Frameworks */ = {isa = PBXBuildFile; fileRef = DDD2A21DBA4B5B5AC7719824 /* Pods_InstagramClone.framework */; };
/* End PBXBuildFile section */

/* Begin PBXFileReference section */
		2A30C361CCAD9BECB32B93F7 /* Pods-InstagramClone.release.xcconfig */ = {isa = PBXFileReference; includeInIndex = 1; lastKnownFileType = text.xcconfig; name = "Pods-InstagramClone.release.xcconfig"; path = "Target Support Files/Pods-InstagramClone/Pods-InstagramClone.release.xcconfig"; sourceTree = "<group>"; };
		64325603259A229600E914A0 /* InteractorsContainer.swift */ = {isa = PBXFileReference; lastKnownFileType = sourcecode.swift; path = InteractorsContainer.swift; sourceTree = "<group>"; };
		64325606259A22C700E914A0 /* PostsInteractor.swift */ = {isa = PBXFileReference; lastKnownFileType = sourcecode.swift; path = PostsInteractor.swift; sourceTree = "<group>"; };
		6432560A259A269800E914A0 /* StoriesInteractor.swift */ = {isa = PBXFileReference; lastKnownFileType = sourcecode.swift; path = StoriesInteractor.swift; sourceTree = "<group>"; };
		6432560F259A303600E914A0 /* LocalPostsInteractor.swift */ = {isa = PBXFileReference; lastKnownFileType = sourcecode.swift; path = LocalPostsInteractor.swift; sourceTree = "<group>"; };
		64325616259A322600E914A0 /* LocalStoriesInteractor.swift */ = {isa = PBXFileReference; lastKnownFileType = sourcecode.swift; path = LocalStoriesInteractor.swift; sourceTree = "<group>"; };
		6432561E259A3CA300E914A0 /* CommentListView.swift */ = {isa = PBXFileReference; lastKnownFileType = sourcecode.swift; path = CommentListView.swift; sourceTree = "<group>"; };
		6434A66625894B7B0061D4FA /* String+Formatter.swift */ = {isa = PBXFileReference; lastKnownFileType = sourcecode.swift; path = "String+Formatter.swift"; sourceTree = "<group>"; };
		6434A66925894B980061D4FA /* Date+Formatter.swift */ = {isa = PBXFileReference; lastKnownFileType = sourcecode.swift; path = "Date+Formatter.swift"; sourceTree = "<group>"; };
		647A363D259BA7E000F3B123 /* LoginView.swift */ = {isa = PBXFileReference; lastKnownFileType = sourcecode.swift; path = LoginView.swift; sourceTree = "<group>"; };
		647A3640259BA88B00F3B123 /* CustomTextField.swift */ = {isa = PBXFileReference; lastKnownFileType = sourcecode.swift; path = CustomTextField.swift; sourceTree = "<group>"; };
		647A3643259BAC9A00F3B123 /* CustomButton.swift */ = {isa = PBXFileReference; lastKnownFileType = sourcecode.swift; path = CustomButton.swift; sourceTree = "<group>"; };
		647FCF932588CAF000C9492A /* FillableShapeButton.swift */ = {isa = PBXFileReference; lastKnownFileType = sourcecode.swift; path = FillableShapeButton.swift; sourceTree = "<group>"; };
		647FCF9A2588D42800C9492A /* FeedHeader.swift */ = {isa = PBXFileReference; lastKnownFileType = sourcecode.swift; path = FeedHeader.swift; sourceTree = "<group>"; };
		647FCF9E2589032400C9492A /* Numeric+Formatter.swift */ = {isa = PBXFileReference; lastKnownFileType = sourcecode.swift; path = "Numeric+Formatter.swift"; sourceTree = "<group>"; };
		647FCFA6258924D500C9492A /* Comment.swift */ = {isa = PBXFileReference; lastKnownFileType = sourcecode.swift; path = Comment.swift; sourceTree = "<group>"; };
		64893EEF258A1D6800CC9BFD /* StoryView.swift */ = {isa = PBXFileReference; lastKnownFileType = sourcecode.swift; path = StoryView.swift; sourceTree = "<group>"; };
		64893EF2258A754C00CC9BFD /* Story.swift */ = {isa = PBXFileReference; lastKnownFileType = sourcecode.swift; path = Story.swift; sourceTree = "<group>"; };
		648E71772587E885007BC38F /* InstagramClone.app */ = {isa = PBXFileReference; explicitFileType = wrapper.application; includeInIndex = 0; path = InstagramClone.app; sourceTree = BUILT_PRODUCTS_DIR; };
		648E717A2587E885007BC38F /* InstagramCloneApp.swift */ = {isa = PBXFileReference; lastKnownFileType = sourcecode.swift; path = InstagramCloneApp.swift; sourceTree = "<group>"; };
		648E717C2587E885007BC38F /* FeedView.swift */ = {isa = PBXFileReference; lastKnownFileType = sourcecode.swift; path = FeedView.swift; sourceTree = "<group>"; };
		648E717E2587E887007BC38F /* Assets.xcassets */ = {isa = PBXFileReference; lastKnownFileType = folder.assetcatalog; path = Assets.xcassets; sourceTree = "<group>"; };
		648E71812587E887007BC38F /* Preview Assets.xcassets */ = {isa = PBXFileReference; lastKnownFileType = folder.assetcatalog; path = "Preview Assets.xcassets"; sourceTree = "<group>"; };
		648E71882587E887007BC38F /* Info.plist */ = {isa = PBXFileReference; lastKnownFileType = text.plist.xml; path = Info.plist; sourceTree = "<group>"; };
		648E719A2587EE81007BC38F /* AppState.swift */ = {isa = PBXFileReference; lastKnownFileType = sourcecode.swift; path = AppState.swift; sourceTree = "<group>"; };
		648E71A22587EF0A007BC38F /* Post.swift */ = {isa = PBXFileReference; lastKnownFileType = sourcecode.swift; path = Post.swift; sourceTree = "<group>"; };
		648E71A92587EF58007BC38F /* User.swift */ = {isa = PBXFileReference; lastKnownFileType = sourcecode.swift; path = User.swift; sourceTree = "<group>"; };
		648E71AC2587FEF5007BC38F /* MockedData.swift */ = {isa = PBXFileReference; lastKnownFileType = sourcecode.swift; path = MockedData.swift; sourceTree = "<group>"; };
		648E71AF258801AD007BC38F /* PostView.swift */ = {isa = PBXFileReference; lastKnownFileType = sourcecode.swift; path = PostView.swift; sourceTree = "<group>"; };
		648E71B2258815AF007BC38F /* ShapeButton.swift */ = {isa = PBXFileReference; lastKnownFileType = sourcecode.swift; path = ShapeButton.swift; sourceTree = "<group>"; };
		649E44E1258E3747002AD8C2 /* MainTabView.swift */ = {isa = PBXFileReference; lastKnownFileType = sourcecode.swift; path = MainTabView.swift; sourceTree = "<group>"; };
		649E44E6258E3AE0002AD8C2 /* ContentCreationView.swift */ = {isa = PBXFileReference; lastKnownFileType = sourcecode.swift; path = ContentCreationView.swift; sourceTree = "<group>"; };
		649E44E9258E3F1A002AD8C2 /* CameraViewer.swift */ = {isa = PBXFileReference; lastKnownFileType = sourcecode.swift; path = CameraViewer.swift; sourceTree = "<group>"; };
		64A02B8B258E6B9E00142611 /* ContentType.swift */ = {isa = PBXFileReference; lastKnownFileType = sourcecode.swift; path = ContentType.swift; sourceTree = "<group>"; };
		64A02B92258E909E00142611 /* CameraCoordinator.swift */ = {isa = PBXFileReference; lastKnownFileType = sourcecode.swift; path = CameraCoordinator.swift; sourceTree = "<group>"; };
		64CD1894259CC40700EB0C8C /* BottomBanner.swift */ = {isa = PBXFileReference; lastKnownFileType = sourcecode.swift; path = BottomBanner.swift; sourceTree = "<group>"; };
		64CD1897259D0BA400EB0C8C /* SignupView.swift */ = {isa = PBXFileReference; lastKnownFileType = sourcecode.swift; path = SignupView.swift; sourceTree = "<group>"; };
		64E1A492258B924200581CDA /* StoryContentView.swift */ = {isa = PBXFileReference; lastKnownFileType = sourcecode.swift; path = StoryContentView.swift; sourceTree = "<group>"; };
		64EE3DCB259B2D1200F00D56 /* NewCommentTextField.swift */ = {isa = PBXFileReference; lastKnownFileType = sourcecode.swift; path = NewCommentTextField.swift; sourceTree = "<group>"; };
		64EE3DD2259B8D5600F00D56 /* GoogleService-Info.plist */ = {isa = PBXFileReference; fileEncoding = 4; lastKnownFileType = text.plist.xml; path = "GoogleService-Info.plist"; sourceTree = "<group>"; };
		C51248BEC19DC7ADCA76C13F /* Pods-InstagramClone.debug.xcconfig */ = {isa = PBXFileReference; includeInIndex = 1; lastKnownFileType = text.xcconfig; name = "Pods-InstagramClone.debug.xcconfig"; path = "Target Support Files/Pods-InstagramClone/Pods-InstagramClone.debug.xcconfig"; sourceTree = "<group>"; };
		DDD2A21DBA4B5B5AC7719824 /* Pods_InstagramClone.framework */ = {isa = PBXFileReference; explicitFileType = wrapper.framework; includeInIndex = 0; path = Pods_InstagramClone.framework; sourceTree = BUILT_PRODUCTS_DIR; };
/* End PBXFileReference section */

/* Begin PBXFrameworksBuildPhase section */
		648E71742587E885007BC38F /* Frameworks */ = {
			isa = PBXFrameworksBuildPhase;
			buildActionMask = 2147483647;
			files = (
				647FCF982588D03F00C9492A /* KingfisherSwiftUI in Frameworks */,
				6E5F14E59A785878D3B1A992 /* Pods_InstagramClone.framework in Frameworks */,
			);
			runOnlyForDeploymentPostprocessing = 0;
		};
/* End PBXFrameworksBuildPhase section */

/* Begin PBXGroup section */
		64325602259A228000E914A0 /* Interactors */ = {
			isa = PBXGroup;
			children = (
				64325603259A229600E914A0 /* InteractorsContainer.swift */,
				64325606259A22C700E914A0 /* PostsInteractor.swift */,
				6432560A259A269800E914A0 /* StoriesInteractor.swift */,
				6432560E259A301800E914A0 /* Locals */,
			);
			path = Interactors;
			sourceTree = "<group>";
		};
		6432560E259A301800E914A0 /* Locals */ = {
			isa = PBXGroup;
			children = (
				6432560F259A303600E914A0 /* LocalPostsInteractor.swift */,
				64325616259A322600E914A0 /* LocalStoriesInteractor.swift */,
			);
			path = Locals;
			sourceTree = "<group>";
		};
		647FCF9D2589030F00C9492A /* Utils */ = {
			isa = PBXGroup;
			children = (
				647FCF9E2589032400C9492A /* Numeric+Formatter.swift */,
				6434A66625894B7B0061D4FA /* String+Formatter.swift */,
				6434A66925894B980061D4FA /* Date+Formatter.swift */,
				649E44E9258E3F1A002AD8C2 /* CameraViewer.swift */,
			);
			path = Utils;
			sourceTree = "<group>";
		};
		648E716E2587E885007BC38F = {
			isa = PBXGroup;
			children = (
				648E71792587E885007BC38F /* InstagramClone */,
				648E71782587E885007BC38F /* Products */,
				BA7DD3CFB2DB3DBE5F1DB4F2 /* Pods */,
				97668BB77531156CB07A4C00 /* Frameworks */,
			);
			sourceTree = "<group>";
		};
		648E71782587E885007BC38F /* Products */ = {
			isa = PBXGroup;
			children = (
				648E71772587E885007BC38F /* InstagramClone.app */,
			);
			name = Products;
			sourceTree = "<group>";
		};
		648E71792587E885007BC38F /* InstagramClone */ = {
			isa = PBXGroup;
			children = (
				648E717A2587E885007BC38F /* InstagramCloneApp.swift */,
				64A02B91258E908300142611 /* Coordinators */,
				64325602259A228000E914A0 /* Interactors */,
				648E719F2587EEEE007BC38F /* Models */,
				648E71912587E90B007BC38F /* Views */,
				648E71992587EE71007BC38F /* ViewModels */,
				647FCF9D2589030F00C9492A /* Utils */,
				648E717E2587E887007BC38F /* Assets.xcassets */,
				648E71882587E887007BC38F /* Info.plist */,
				64EE3DD2259B8D5600F00D56 /* GoogleService-Info.plist */,
				648E71802587E887007BC38F /* Preview Content */,
			);
			path = InstagramClone;
			sourceTree = "<group>";
		};
		648E71802587E887007BC38F /* Preview Content */ = {
			isa = PBXGroup;
			children = (
				648E71812587E887007BC38F /* Preview Assets.xcassets */,
			);
			path = "Preview Content";
			sourceTree = "<group>";
		};
		648E71912587E90B007BC38F /* Views */ = {
			isa = PBXGroup;
			children = (
				648E71942587EA6E007BC38F /* Screens */,
				648E71952587EA7B007BC38F /* Components */,
			);
			path = Views;
			sourceTree = "<group>";
		};
		648E71942587EA6E007BC38F /* Screens */ = {
			isa = PBXGroup;
			children = (
				648E717C2587E885007BC38F /* FeedView.swift */,
				64E1A492258B924200581CDA /* StoryContentView.swift */,
				649E44E1258E3747002AD8C2 /* MainTabView.swift */,
				649E44E6258E3AE0002AD8C2 /* ContentCreationView.swift */,
				6432561E259A3CA300E914A0 /* CommentListView.swift */,
				647A363D259BA7E000F3B123 /* LoginView.swift */,
				64CD1897259D0BA400EB0C8C /* SignupView.swift */,
			);
			path = Screens;
			sourceTree = "<group>";
		};
		648E71952587EA7B007BC38F /* Components */ = {
			isa = PBXGroup;
			children = (
				648E71AF258801AD007BC38F /* PostView.swift */,
				648E71B2258815AF007BC38F /* ShapeButton.swift */,
				647FCF932588CAF000C9492A /* FillableShapeButton.swift */,
				647FCF9A2588D42800C9492A /* FeedHeader.swift */,
				64893EEF258A1D6800CC9BFD /* StoryView.swift */,
				64EE3DCB259B2D1200F00D56 /* NewCommentTextField.swift */,
				647A3640259BA88B00F3B123 /* CustomTextField.swift */,
				647A3643259BAC9A00F3B123 /* CustomButton.swift */,
				64CD1894259CC40700EB0C8C /* BottomBanner.swift */,
			);
			path = Components;
			sourceTree = "<group>";
		};
		648E71992587EE71007BC38F /* ViewModels */ = {
			isa = PBXGroup;
			children = (
				648E719A2587EE81007BC38F /* AppState.swift */,
			);
			path = ViewModels;
			sourceTree = "<group>";
		};
		648E719F2587EEEE007BC38F /* Models */ = {
			isa = PBXGroup;
			children = (
				648E71A22587EF0A007BC38F /* Post.swift */,
				648E71A92587EF58007BC38F /* User.swift */,
				648E71AC2587FEF5007BC38F /* MockedData.swift */,
				647FCFA6258924D500C9492A /* Comment.swift */,
				64893EF2258A754C00CC9BFD /* Story.swift */,
				64A02B8B258E6B9E00142611 /* ContentType.swift */,
			);
			path = Models;
			sourceTree = "<group>";
		};
		64A02B91258E908300142611 /* Coordinators */ = {
			isa = PBXGroup;
			children = (
				64A02B92258E909E00142611 /* CameraCoordinator.swift */,
			);
			path = Coordinators;
			sourceTree = "<group>";
		};
		97668BB77531156CB07A4C00 /* Frameworks */ = {
			isa = PBXGroup;
			children = (
				DDD2A21DBA4B5B5AC7719824 /* Pods_InstagramClone.framework */,
			);
			name = Frameworks;
			sourceTree = "<group>";
		};
		BA7DD3CFB2DB3DBE5F1DB4F2 /* Pods */ = {
			isa = PBXGroup;
			children = (
				C51248BEC19DC7ADCA76C13F /* Pods-InstagramClone.debug.xcconfig */,
				2A30C361CCAD9BECB32B93F7 /* Pods-InstagramClone.release.xcconfig */,
			);
			path = Pods;
			sourceTree = "<group>";
		};
/* End PBXGroup section */

/* Begin PBXNativeTarget section */
		648E71762587E885007BC38F /* InstagramClone */ = {
			isa = PBXNativeTarget;
			buildConfigurationList = 648E718B2587E887007BC38F /* Build configuration list for PBXNativeTarget "InstagramClone" */;
			buildPhases = (
				19F1DDABEECE996089212E83 /* [CP] Check Pods Manifest.lock */,
				648E71732587E885007BC38F /* Sources */,
				648E71742587E885007BC38F /* Frameworks */,
				648E71752587E885007BC38F /* Resources */,
				8DF39E5ABD7EAD0B7FDD6ED9 /* [CP] Embed Pods Frameworks */,
			);
			buildRules = (
			);
			dependencies = (
			);
			name = InstagramClone;
			packageProductDependencies = (
				647FCF972588D03F00C9492A /* KingfisherSwiftUI */,
			);
			productName = InstagramClone;
			productReference = 648E71772587E885007BC38F /* InstagramClone.app */;
			productType = "com.apple.product-type.application";
		};
/* End PBXNativeTarget section */

/* Begin PBXProject section */
		648E716F2587E885007BC38F /* Project object */ = {
			isa = PBXProject;
			attributes = {
				LastSwiftUpdateCheck = 1220;
				LastUpgradeCheck = 1220;
				TargetAttributes = {
					648E71762587E885007BC38F = {
						CreatedOnToolsVersion = 12.2;
					};
				};
			};
			buildConfigurationList = 648E71722587E885007BC38F /* Build configuration list for PBXProject "InstagramClone" */;
			compatibilityVersion = "Xcode 9.3";
			developmentRegion = en;
			hasScannedForEncodings = 0;
			knownRegions = (
				en,
				Base,
			);
			mainGroup = 648E716E2587E885007BC38F;
			packageReferences = (
				647FCF962588D03F00C9492A /* XCRemoteSwiftPackageReference "Kingfisher" */,
			);
			productRefGroup = 648E71782587E885007BC38F /* Products */;
			projectDirPath = "";
			projectRoot = "";
			targets = (
				648E71762587E885007BC38F /* InstagramClone */,
			);
		};
/* End PBXProject section */

/* Begin PBXResourcesBuildPhase section */
		648E71752587E885007BC38F /* Resources */ = {
			isa = PBXResourcesBuildPhase;
			buildActionMask = 2147483647;
			files = (
				648E71822587E887007BC38F /* Preview Assets.xcassets in Resources */,
				648E717F2587E887007BC38F /* Assets.xcassets in Resources */,
				64EE3DD3259B8D5600F00D56 /* GoogleService-Info.plist in Resources */,
			);
			runOnlyForDeploymentPostprocessing = 0;
		};
/* End PBXResourcesBuildPhase section */

/* Begin PBXShellScriptBuildPhase section */
		19F1DDABEECE996089212E83 /* [CP] Check Pods Manifest.lock */ = {
			isa = PBXShellScriptBuildPhase;
			buildActionMask = 2147483647;
			files = (
			);
			inputFileListPaths = (
			);
			inputPaths = (
				"${PODS_PODFILE_DIR_PATH}/Podfile.lock",
				"${PODS_ROOT}/Manifest.lock",
			);
			name = "[CP] Check Pods Manifest.lock";
			outputFileListPaths = (
			);
			outputPaths = (
				"$(DERIVED_FILE_DIR)/Pods-InstagramClone-checkManifestLockResult.txt",
			);
			runOnlyForDeploymentPostprocessing = 0;
			shellPath = /bin/sh;
			shellScript = "diff \"${PODS_PODFILE_DIR_PATH}/Podfile.lock\" \"${PODS_ROOT}/Manifest.lock\" > /dev/null\nif [ $? != 0 ] ; then\n    # print error to STDERR\n    echo \"error: The sandbox is not in sync with the Podfile.lock. Run 'pod install' or update your CocoaPods installation.\" >&2\n    exit 1\nfi\n# This output is used by Xcode 'outputs' to avoid re-running this script phase.\necho \"SUCCESS\" > \"${SCRIPT_OUTPUT_FILE_0}\"\n";
			showEnvVarsInLog = 0;
		};
		8DF39E5ABD7EAD0B7FDD6ED9 /* [CP] Embed Pods Frameworks */ = {
			isa = PBXShellScriptBuildPhase;
			buildActionMask = 2147483647;
			files = (
			);
			inputFileListPaths = (
				"${PODS_ROOT}/Target Support Files/Pods-InstagramClone/Pods-InstagramClone-frameworks-${CONFIGURATION}-input-files.xcfilelist",
			);
			name = "[CP] Embed Pods Frameworks";
			outputFileListPaths = (
				"${PODS_ROOT}/Target Support Files/Pods-InstagramClone/Pods-InstagramClone-frameworks-${CONFIGURATION}-output-files.xcfilelist",
			);
			runOnlyForDeploymentPostprocessing = 0;
			shellPath = /bin/sh;
			shellScript = "\"${PODS_ROOT}/Target Support Files/Pods-InstagramClone/Pods-InstagramClone-frameworks.sh\"\n";
			showEnvVarsInLog = 0;
		};
/* End PBXShellScriptBuildPhase section */

/* Begin PBXSourcesBuildPhase section */
		648E71732587E885007BC38F /* Sources */ = {
			isa = PBXSourcesBuildPhase;
			buildActionMask = 2147483647;
			files = (
				64893EF0258A1D6800CC9BFD /* StoryView.swift in Sources */,
				647FCF942588CAF000C9492A /* FillableShapeButton.swift in Sources */,
				648E71B0258801AD007BC38F /* PostView.swift in Sources */,
				647FCF9B2588D42800C9492A /* FeedHeader.swift in Sources */,
				647A3644259BAC9A00F3B123 /* CustomButton.swift in Sources */,
				6432560B259A269800E914A0 /* StoriesInteractor.swift in Sources */,
				649E44EA258E3F1A002AD8C2 /* CameraViewer.swift in Sources */,
				6432561F259A3CA300E914A0 /* CommentListView.swift in Sources */,
				647FCF9F2589032400C9492A /* Numeric+Formatter.swift in Sources */,
				6434A66A25894B980061D4FA /* Date+Formatter.swift in Sources */,
				64325617259A322600E914A0 /* LocalStoriesInteractor.swift in Sources */,
				648E71B3258815AF007BC38F /* ShapeButton.swift in Sources */,
				64325610259A303600E914A0 /* LocalPostsInteractor.swift in Sources */,
				64893EF3258A754C00CC9BFD /* Story.swift in Sources */,
				64E1A493258B924200581CDA /* StoryContentView.swift in Sources */,
				648E717D2587E885007BC38F /* FeedView.swift in Sources */,
				64A02B8C258E6B9E00142611 /* ContentType.swift in Sources */,
				648E717B2587E885007BC38F /* InstagramCloneApp.swift in Sources */,
				64325607259A22C700E914A0 /* PostsInteractor.swift in Sources */,
				647A3641259BA88B00F3B123 /* CustomTextField.swift in Sources */,
				647A363E259BA7E000F3B123 /* LoginView.swift in Sources */,
				64A02B93258E909E00142611 /* CameraCoordinator.swift in Sources */,
				64CD1898259D0BA400EB0C8C /* SignupView.swift in Sources */,
				6434A66725894B7B0061D4FA /* String+Formatter.swift in Sources */,
				64325604259A229600E914A0 /* InteractorsContainer.swift in Sources */,
				647FCFA7258924D500C9492A /* Comment.swift in Sources */,
				648E71AD2587FEF5007BC38F /* MockedData.swift in Sources */,
				64CD1895259CC40700EB0C8C /* BottomBanner.swift in Sources */,
				64EE3DCC259B2D1200F00D56 /* NewCommentTextField.swift in Sources */,
				648E719B2587EE81007BC38F /* AppState.swift in Sources */,
				648E71AA2587EF58007BC38F /* User.swift in Sources */,
				649E44E7258E3AE0002AD8C2 /* ContentCreationView.swift in Sources */,
				649E44E2258E3747002AD8C2 /* MainTabView.swift in Sources */,
				648E71A32587EF0A007BC38F /* Post.swift in Sources */,
			);
			runOnlyForDeploymentPostprocessing = 0;
		};
/* End PBXSourcesBuildPhase section */

/* Begin XCBuildConfiguration section */
		648E71892587E887007BC38F /* Debug */ = {
			isa = XCBuildConfiguration;
			buildSettings = {
				ALWAYS_SEARCH_USER_PATHS = NO;
				CLANG_ANALYZER_NONNULL = YES;
				CLANG_ANALYZER_NUMBER_OBJECT_CONVERSION = YES_AGGRESSIVE;
				CLANG_CXX_LANGUAGE_STANDARD = "gnu++14";
				CLANG_CXX_LIBRARY = "libc++";
				CLANG_ENABLE_MODULES = YES;
				CLANG_ENABLE_OBJC_ARC = YES;
				CLANG_ENABLE_OBJC_WEAK = YES;
				CLANG_WARN_BLOCK_CAPTURE_AUTORELEASING = YES;
				CLANG_WARN_BOOL_CONVERSION = YES;
				CLANG_WARN_COMMA = YES;
				CLANG_WARN_CONSTANT_CONVERSION = YES;
				CLANG_WARN_DEPRECATED_OBJC_IMPLEMENTATIONS = YES;
				CLANG_WARN_DIRECT_OBJC_ISA_USAGE = YES_ERROR;
				CLANG_WARN_DOCUMENTATION_COMMENTS = YES;
				CLANG_WARN_EMPTY_BODY = YES;
				CLANG_WARN_ENUM_CONVERSION = YES;
				CLANG_WARN_INFINITE_RECURSION = YES;
				CLANG_WARN_INT_CONVERSION = YES;
				CLANG_WARN_NON_LITERAL_NULL_CONVERSION = YES;
				CLANG_WARN_OBJC_IMPLICIT_RETAIN_SELF = YES;
				CLANG_WARN_OBJC_LITERAL_CONVERSION = YES;
				CLANG_WARN_OBJC_ROOT_CLASS = YES_ERROR;
				CLANG_WARN_QUOTED_INCLUDE_IN_FRAMEWORK_HEADER = YES;
				CLANG_WARN_RANGE_LOOP_ANALYSIS = YES;
				CLANG_WARN_STRICT_PROTOTYPES = YES;
				CLANG_WARN_SUSPICIOUS_MOVE = YES;
				CLANG_WARN_UNGUARDED_AVAILABILITY = YES_AGGRESSIVE;
				CLANG_WARN_UNREACHABLE_CODE = YES;
				CLANG_WARN__DUPLICATE_METHOD_MATCH = YES;
				COPY_PHASE_STRIP = NO;
				DEBUG_INFORMATION_FORMAT = dwarf;
				ENABLE_STRICT_OBJC_MSGSEND = YES;
				ENABLE_TESTABILITY = YES;
				GCC_C_LANGUAGE_STANDARD = gnu11;
				GCC_DYNAMIC_NO_PIC = NO;
				GCC_NO_COMMON_BLOCKS = YES;
				GCC_OPTIMIZATION_LEVEL = 0;
				GCC_PREPROCESSOR_DEFINITIONS = (
					"DEBUG=1",
					"$(inherited)",
				);
				GCC_WARN_64_TO_32_BIT_CONVERSION = YES;
				GCC_WARN_ABOUT_RETURN_TYPE = YES_ERROR;
				GCC_WARN_UNDECLARED_SELECTOR = YES;
				GCC_WARN_UNINITIALIZED_AUTOS = YES_AGGRESSIVE;
				GCC_WARN_UNUSED_FUNCTION = YES;
				GCC_WARN_UNUSED_VARIABLE = YES;
				IPHONEOS_DEPLOYMENT_TARGET = 14.2;
				MTL_ENABLE_DEBUG_INFO = INCLUDE_SOURCE;
				MTL_FAST_MATH = YES;
				ONLY_ACTIVE_ARCH = YES;
				SDKROOT = iphoneos;
				SWIFT_ACTIVE_COMPILATION_CONDITIONS = DEBUG;
				SWIFT_OPTIMIZATION_LEVEL = "-Onone";
				TARGETED_DEVICE_FAMILY = 1;
			};
			name = Debug;
		};
		648E718A2587E887007BC38F /* Release */ = {
			isa = XCBuildConfiguration;
			buildSettings = {
				ALWAYS_SEARCH_USER_PATHS = NO;
				CLANG_ANALYZER_NONNULL = YES;
				CLANG_ANALYZER_NUMBER_OBJECT_CONVERSION = YES_AGGRESSIVE;
				CLANG_CXX_LANGUAGE_STANDARD = "gnu++14";
				CLANG_CXX_LIBRARY = "libc++";
				CLANG_ENABLE_MODULES = YES;
				CLANG_ENABLE_OBJC_ARC = YES;
				CLANG_ENABLE_OBJC_WEAK = YES;
				CLANG_WARN_BLOCK_CAPTURE_AUTORELEASING = YES;
				CLANG_WARN_BOOL_CONVERSION = YES;
				CLANG_WARN_COMMA = YES;
				CLANG_WARN_CONSTANT_CONVERSION = YES;
				CLANG_WARN_DEPRECATED_OBJC_IMPLEMENTATIONS = YES;
				CLANG_WARN_DIRECT_OBJC_ISA_USAGE = YES_ERROR;
				CLANG_WARN_DOCUMENTATION_COMMENTS = YES;
				CLANG_WARN_EMPTY_BODY = YES;
				CLANG_WARN_ENUM_CONVERSION = YES;
				CLANG_WARN_INFINITE_RECURSION = YES;
				CLANG_WARN_INT_CONVERSION = YES;
				CLANG_WARN_NON_LITERAL_NULL_CONVERSION = YES;
				CLANG_WARN_OBJC_IMPLICIT_RETAIN_SELF = YES;
				CLANG_WARN_OBJC_LITERAL_CONVERSION = YES;
				CLANG_WARN_OBJC_ROOT_CLASS = YES_ERROR;
				CLANG_WARN_QUOTED_INCLUDE_IN_FRAMEWORK_HEADER = YES;
				CLANG_WARN_RANGE_LOOP_ANALYSIS = YES;
				CLANG_WARN_STRICT_PROTOTYPES = YES;
				CLANG_WARN_SUSPICIOUS_MOVE = YES;
				CLANG_WARN_UNGUARDED_AVAILABILITY = YES_AGGRESSIVE;
				CLANG_WARN_UNREACHABLE_CODE = YES;
				CLANG_WARN__DUPLICATE_METHOD_MATCH = YES;
				COPY_PHASE_STRIP = NO;
				DEBUG_INFORMATION_FORMAT = "dwarf-with-dsym";
				ENABLE_NS_ASSERTIONS = NO;
				ENABLE_STRICT_OBJC_MSGSEND = YES;
				GCC_C_LANGUAGE_STANDARD = gnu11;
				GCC_NO_COMMON_BLOCKS = YES;
				GCC_WARN_64_TO_32_BIT_CONVERSION = YES;
				GCC_WARN_ABOUT_RETURN_TYPE = YES_ERROR;
				GCC_WARN_UNDECLARED_SELECTOR = YES;
				GCC_WARN_UNINITIALIZED_AUTOS = YES_AGGRESSIVE;
				GCC_WARN_UNUSED_FUNCTION = YES;
				GCC_WARN_UNUSED_VARIABLE = YES;
				IPHONEOS_DEPLOYMENT_TARGET = 14.2;
				MTL_ENABLE_DEBUG_INFO = NO;
				MTL_FAST_MATH = YES;
				SDKROOT = iphoneos;
				SWIFT_COMPILATION_MODE = wholemodule;
				SWIFT_OPTIMIZATION_LEVEL = "-O";
				TARGETED_DEVICE_FAMILY = 1;
				VALIDATE_PRODUCT = YES;
			};
			name = Release;
		};
		648E718C2587E887007BC38F /* Debug */ = {
			isa = XCBuildConfiguration;
			baseConfigurationReference = C51248BEC19DC7ADCA76C13F /* Pods-InstagramClone.debug.xcconfig */;
			buildSettings = {
				ASSETCATALOG_COMPILER_APPICON_NAME = AppIcon;
				ASSETCATALOG_COMPILER_GLOBAL_ACCENT_COLOR_NAME = AccentColor;
				CODE_SIGN_STYLE = Automatic;
				DEVELOPMENT_ASSET_PATHS = "\"InstagramClone/Preview Content\"";
				DEVELOPMENT_TEAM = F3QT4Z4R2K;
				ENABLE_PREVIEWS = YES;
				INFOPLIST_FILE = InstagramClone/Info.plist;
				IPHONEOS_DEPLOYMENT_TARGET = 14.0;
				LD_RUNPATH_SEARCH_PATHS = (
					"$(inherited)",
					"@executable_path/Frameworks",
				);
				PRODUCT_BUNDLE_IDENTIFIER = com.quentin.InstagramClone;
				PRODUCT_NAME = "$(TARGET_NAME)";
				SWIFT_VERSION = 5.0;
				TARGETED_DEVICE_FAMILY = "1,2";
			};
			name = Debug;
		};
		648E718D2587E887007BC38F /* Release */ = {
			isa = XCBuildConfiguration;
			baseConfigurationReference = 2A30C361CCAD9BECB32B93F7 /* Pods-InstagramClone.release.xcconfig */;
			buildSettings = {
				ASSETCATALOG_COMPILER_APPICON_NAME = AppIcon;
				ASSETCATALOG_COMPILER_GLOBAL_ACCENT_COLOR_NAME = AccentColor;
				CODE_SIGN_STYLE = Automatic;
				DEVELOPMENT_ASSET_PATHS = "\"InstagramClone/Preview Content\"";
				DEVELOPMENT_TEAM = F3QT4Z4R2K;
				ENABLE_PREVIEWS = YES;
				INFOPLIST_FILE = InstagramClone/Info.plist;
				IPHONEOS_DEPLOYMENT_TARGET = 14.0;
				LD_RUNPATH_SEARCH_PATHS = (
					"$(inherited)",
					"@executable_path/Frameworks",
				);
				PRODUCT_BUNDLE_IDENTIFIER = com.quentin.InstagramClone;
				PRODUCT_NAME = "$(TARGET_NAME)";
				SWIFT_VERSION = 5.0;
				TARGETED_DEVICE_FAMILY = "1,2";
			};
			name = Release;
		};
/* End XCBuildConfiguration section */

/* Begin XCConfigurationList section */
		648E71722587E885007BC38F /* Build configuration list for PBXProject "InstagramClone" */ = {
			isa = XCConfigurationList;
			buildConfigurations = (
				648E71892587E887007BC38F /* Debug */,
				648E718A2587E887007BC38F /* Release */,
			);
			defaultConfigurationIsVisible = 0;
			defaultConfigurationName = Release;
		};
		648E718B2587E887007BC38F /* Build configuration list for PBXNativeTarget "InstagramClone" */ = {
			isa = XCConfigurationList;
			buildConfigurations = (
				648E718C2587E887007BC38F /* Debug */,
				648E718D2587E887007BC38F /* Release */,
			);
			defaultConfigurationIsVisible = 0;
			defaultConfigurationName = Release;
		};
/* End XCConfigurationList section */

/* Begin XCRemoteSwiftPackageReference section */
		647FCF962588D03F00C9492A /* XCRemoteSwiftPackageReference "Kingfisher" */ = {
			isa = XCRemoteSwiftPackageReference;
			repositoryURL = "https://github.com/onevcat/Kingfisher";
			requirement = {
				kind = upToNextMajorVersion;
				minimumVersion = 5.15.8;
			};
		};
/* End XCRemoteSwiftPackageReference section */

/* Begin XCSwiftPackageProductDependency section */
		647FCF972588D03F00C9492A /* KingfisherSwiftUI */ = {
			isa = XCSwiftPackageProductDependency;
			package = 647FCF962588D03F00C9492A /* XCRemoteSwiftPackageReference "Kingfisher" */;
			productName = KingfisherSwiftUI;
		};
/* End XCSwiftPackageProductDependency section */
	};
	rootObject = 648E716F2587E885007BC38F /* Project object */;
}
